
Microsoft Visual Studio Solution File, Format Version 12.00
# Visual Studio Version 16
VisualStudioVersion = 16.0.32602.291
MinimumVisualStudioVersion = 10.0.40219.1
Project("{9A19103F-16F7-4668-BE54-9A1E7A4F7556}") = "Louvor.IPI", "Louvor.IPI\Louvor.IPI.csproj", "{B03FE998-8580-422E-8DE0-2ABBDE1291A2}"
EndProject
Project("{9A19103F-16F7-4668-BE54-9A1E7A4F7556}") = "Louvor.IPI.Core", "Louvor.IPI.Core\Louvor.IPI.Core.csproj", "{65829EC0-D6B0-4F3B-A872-AD47FF78EF08}"
EndProject
Project("{9A19103F-16F7-4668-BE54-9A1E7A4F7556}") = "Louvor.IPI.Domain", "Louvor.IPI.Domain\Louvor.IPI.Domain.csproj", "{80B58031-B23D-4F36-8CAD-785275E92997}"
EndProject
Project("{FAE04EC0-301F-11D3-BF4B-00C04F79EFBC}") = "Louvor.IPI.Cross.Cutting.IoC", "Louvor.IPI.Cross.Cutting.IoC\Louvor.IPI.Cross.Cutting.IoC.csproj", "{77466F25-63BD-4A96-BF89-4A2CEE0F6998}"
EndProject
Project("{FAE04EC0-301F-11D3-BF4B-00C04F79EFBC}") = "Louvor.IPI.Persistence", "Louvor.IPI.Persistence\Louvor.IPI.Persistence.csproj", "{B73C6091-27E1-4ED9-8343-A5C9620D1502}"
EndProject
Global
	GlobalSection(SolutionConfigurationPlatforms) = preSolution
		Debug|Any CPU = Debug|Any CPU
		Release|Any CPU = Release|Any CPU
	EndGlobalSection
	GlobalSection(ProjectConfigurationPlatforms) = postSolution
		{B03FE998-8580-422E-8DE0-2ABBDE1291A2}.Debug|Any CPU.ActiveCfg = Debug|Any CPU
		{B03FE998-8580-422E-8DE0-2ABBDE1291A2}.Debug|Any CPU.Build.0 = Debug|Any CPU
		{B03FE998-8580-422E-8DE0-2ABBDE1291A2}.Release|Any CPU.ActiveCfg = Release|Any CPU
		{B03FE998-8580-422E-8DE0-2ABBDE1291A2}.Release|Any CPU.Build.0 = Release|Any CPU
		{65829EC0-D6B0-4F3B-A872-AD47FF78EF08}.Debug|Any CPU.ActiveCfg = Debug|Any CPU
		{65829EC0-D6B0-4F3B-A872-AD47FF78EF08}.Debug|Any CPU.Build.0 = Debug|Any CPU
		{65829EC0-D6B0-4F3B-A872-AD47FF78EF08}.Release|Any CPU.ActiveCfg = Release|Any CPU
		{65829EC0-D6B0-4F3B-A872-AD47FF78EF08}.Release|Any CPU.Build.0 = Release|Any CPU
		{80B58031-B23D-4F36-8CAD-785275E92997}.Debug|Any CPU.ActiveCfg = Debug|Any CPU
		{80B58031-B23D-4F36-8CAD-785275E92997}.Debug|Any CPU.Build.0 = Debug|Any CPU
		{80B58031-B23D-4F36-8CAD-785275E92997}.Release|Any CPU.ActiveCfg = Release|Any CPU
		{80B58031-B23D-4F36-8CAD-785275E92997}.Release|Any CPU.Build.0 = Release|Any CPU
		{77466F25-63BD-4A96-BF89-4A2CEE0F6998}.Debug|Any CPU.ActiveCfg = Debug|Any CPU
		{77466F25-63BD-4A96-BF89-4A2CEE0F6998}.Debug|Any CPU.Build.0 = Debug|Any CPU
		{77466F25-63BD-4A96-BF89-4A2CEE0F6998}.Release|Any CPU.ActiveCfg = Release|Any CPU
		{77466F25-63BD-4A96-BF89-4A2CEE0F6998}.Release|Any CPU.Build.0 = Release|Any CPU
		{B73C6091-27E1-4ED9-8343-A5C9620D1502}.Debug|Any CPU.ActiveCfg = Debug|Any CPU
		{B73C6091-27E1-4ED9-8343-A5C9620D1502}.Debug|Any CPU.Build.0 = Debug|Any CPU
		{B73C6091-27E1-4ED9-8343-A5C9620D1502}.Release|Any CPU.ActiveCfg = Release|Any CPU
		{B73C6091-27E1-4ED9-8343-A5C9620D1502}.Release|Any CPU.Build.0 = Release|Any CPU
	EndGlobalSection
	GlobalSection(SolutionProperties) = preSolution
		HideSolutionNode = FALSE
	EndGlobalSection
	GlobalSection(ExtensibilityGlobals) = postSolution
		SolutionGuid = {22255CDA-37DB-46D3-9B18-B4828372E412}
	EndGlobalSection
EndGlobal
